
Microsoft Visual Studio Solution File, Format Version 12.00
# Visual Studio Version 17
VisualStudioVersion = 17.0.31903.59
MinimumVisualStudioVersion = 10.0.40219.1
Project("{2150E333-8FDC-42A3-9474-1A3956D46DE8}") = "src", "src", "{1C4508C6-8991-4CE6-A39A-FC0C280E4D87}"
EndProject
Project("{2150E333-8FDC-42A3-9474-1A3956D46DE8}") = "0_Infrastructure", "0_Infrastructure", "{9EBC7080-7B7C-4C27-8F46-E410CFD0E134}"
EndProject
Project("{FAE04EC0-301F-11D3-BF4B-00C04F79EFBC}") = "DHDAS.Contracts", "src\0_Infrastructure\DHDAS.Contracts\DHDAS.Contracts.csproj", "{10F069A7-EB88-4A60-B879-5ED0EF085DB5}"
EndProject
Project("{FAE04EC0-301F-11D3-BF4B-00C04F79EFBC}") = "DHDAS.Infrastructure.Core", "src\0_Infrastructure\DHDAS.Infrastructure.Core\DHDAS.Infrastructure.Core.csproj", "{E731596A-6B02-40A4-A097-B635A423D5AB}"
EndProject
Project("{2150E333-8FDC-42A3-9474-1A3956D46DE8}") = "2_Services", "2_Services", "{3DBBA84C-9F2F-4C3B-B166-5A9A73FBCA94}"
EndProject
Project("{FAE04EC0-301F-11D3-BF4B-00C04F79EFBC}") = "DHDAS.Service.Signal", "src\2_Services\DHDAS.Service.Signal\DHDAS.Service.Signal.csproj", "{F152D1B5-0E14-4FBE-BF4A-78F494D5D8EB}"
EndProject
Project("{2150E333-8FDC-42A3-9474-1A3956D46DE8}") = "3_Applications", "3_Applications", "{080407CE-883C-4207-8C93-FBBB9FCCBDF2}"
EndProject
Project("{FAE04EC0-301F-11D3-BF4B-00C04F79EFBC}") = "DHDAS.Application.Support", "src\3_Applications\DHDAS.Application.Support\DHDAS.Application.Support.csproj", "{451B813E-62E1-4434-8962-AC37773F79A5}"
EndProject
Project("{2150E333-8FDC-42A3-9474-1A3956D46DE8}") = "4_Shell", "4_Shell", "{3ABF43FA-1047-4124-A93C-B4790BBE1086}"
EndProject
Project("{FAE04EC0-301F-11D3-BF4B-00C04F79EFBC}") = "DHDAS.App.Shell", "src\4_Shell\DHDAS.App.Shell\DHDAS.App.Shell.csproj", "{82CFC953-C41D-448A-BA69-37CC053D6429}"
EndProject
Project("{2150E333-8FDC-42A3-9474-1A3956D46DE8}") = "1_Drivers", "1_Drivers", "{AC16CFDD-8D15-45FF-AADE-B074CCA24275}"
EndProject
Project("{FAE04EC0-301F-11D3-BF4B-00C04F79EFBC}") = "DHDAS.Driver.Simulator", "src\1_Drivers\DHDAS.Driver.Simulator\DHDAS.Driver.Simulator.csproj", "{7D4555CC-5B1B-4EFC-9E6B-A93DA46E939A}"
EndProject
Project("{FAE04EC0-301F-11D3-BF4B-00C04F79EFBC}") = "DHDAS.Plugin.Waveform", "src\3_Applications\DHDAS.Plugin.Waveform\DHDAS.Plugin.Waveform.csproj", "{51CD4EC1-384B-4284-B23D-0F596F5BC73F}"
EndProject
Project("{FAE04EC0-301F-11D3-BF4B-00C04F79EFBC}") = "DHDAS.Plugin.NetworkConfig", "src\3_Applications\DHDAS.Plugin.NetworkConfig\DHDAS.Plugin.NetworkConfig.csproj", "{1F8DC7DC-F4F1-4B06-B972-659B9C7E49BC}"
EndProject
Project("{FAE04EC0-301F-11D3-BF4B-00C04F79EFBC}") = "DHDAS.Plugin.ChannelManager", "src\3_Applications\DHDAS.Plugin.ChannelManager\DHDAS.Plugin.ChannelManager.csproj", "{D9D80912-F403-453F-BD20-21933CC238F2}"
EndProject
Global
	GlobalSection(SolutionConfigurationPlatforms) = preSolution
		Debug|Any CPU = Debug|Any CPU
		Release|Any CPU = Release|Any CPU
	EndGlobalSection
	GlobalSection(SolutionProperties) = preSolution
		HideSolutionNode = FALSE
	EndGlobalSection
	GlobalSection(ProjectConfigurationPlatforms) = postSolution
		{10F069A7-EB88-4A60-B879-5ED0EF085DB5}.Debug|Any CPU.ActiveCfg = Debug|Any CPU
		{10F069A7-EB88-4A60-B879-5ED0EF085DB5}.Debug|Any CPU.Build.0 = Debug|Any CPU
		{10F069A7-EB88-4A60-B879-5ED0EF085DB5}.Release|Any CPU.ActiveCfg = Release|Any CPU
		{10F069A7-EB88-4A60-B879-5ED0EF085DB5}.Release|Any CPU.Build.0 = Release|Any CPU
		{E731596A-6B02-40A4-A097-B635A423D5AB}.Debug|Any CPU.ActiveCfg = Debug|Any CPU
		{E731596A-6B02-40A4-A097-B635A423D5AB}.Debug|Any CPU.Build.0 = Debug|Any CPU
		{E731596A-6B02-40A4-A097-B635A423D5AB}.Release|Any CPU.ActiveCfg = Release|Any CPU
		{E731596A-6B02-40A4-A097-B635A423D5AB}.Release|Any CPU.Build.0 = Release|Any CPU
		{F152D1B5-0E14-4FBE-BF4A-78F494D5D8EB}.Debug|Any CPU.ActiveCfg = Debug|Any CPU
		{F152D1B5-0E14-4FBE-BF4A-78F494D5D8EB}.Debug|Any CPU.Build.0 = Debug|Any CPU
		{F152D1B5-0E14-4FBE-BF4A-78F494D5D8EB}.Release|Any CPU.ActiveCfg = Release|Any CPU
		{F152D1B5-0E14-4FBE-BF4A-78F494D5D8EB}.Release|Any CPU.Build.0 = Release|Any CPU
		{451B813E-62E1-4434-8962-AC37773F79A5}.Debug|Any CPU.ActiveCfg = Debug|Any CPU
		{451B813E-62E1-4434-8962-AC37773F79A5}.Debug|Any CPU.Build.0 = Debug|Any CPU
		{451B813E-62E1-4434-8962-AC37773F79A5}.Release|Any CPU.ActiveCfg = Release|Any CPU
		{451B813E-62E1-4434-8962-AC37773F79A5}.Release|Any CPU.Build.0 = Release|Any CPU
		{82CFC953-C41D-448A-BA69-37CC053D6429}.Debug|Any CPU.ActiveCfg = Debug|Any CPU
		{82CFC953-C41D-448A-BA69-37CC053D6429}.Debug|Any CPU.Build.0 = Debug|Any CPU
		{82CFC953-C41D-448A-BA69-37CC053D6429}.Release|Any CPU.ActiveCfg = Release|Any CPU
		{82CFC953-C41D-448A-BA69-37CC053D6429}.Release|Any CPU.Build.0 = Release|Any CPU
		{7D4555CC-5B1B-4EFC-9E6B-A93DA46E939A}.Debug|Any CPU.ActiveCfg = Debug|Any CPU
		{7D4555CC-5B1B-4EFC-9E6B-A93DA46E939A}.Debug|Any CPU.Build.0 = Debug|Any CPU
		{7D4555CC-5B1B-4EFC-9E6B-A93DA46E939A}.Release|Any CPU.ActiveCfg = Release|Any CPU
		{7D4555CC-5B1B-4EFC-9E6B-A93DA46E939A}.Release|Any CPU.Build.0 = Release|Any CPU
		{51CD4EC1-384B-4284-B23D-0F596F5BC73F}.Debug|Any CPU.ActiveCfg = Debug|Any CPU
		{51CD4EC1-384B-4284-B23D-0F596F5BC73F}.Debug|Any CPU.Build.0 = Debug|Any CPU
		{51CD4EC1-384B-4284-B23D-0F596F5BC73F}.Release|Any CPU.ActiveCfg = Release|Any CPU
		{51CD4EC1-384B-4284-B23D-0F596F5BC73F}.Release|Any CPU.Build.0 = Release|Any CPU
		{1F8DC7DC-F4F1-4B06-B972-659B9C7E49BC}.Debug|Any CPU.ActiveCfg = Debug|Any CPU
		{1F8DC7DC-F4F1-4B06-B972-659B9C7E49BC}.Debug|Any CPU.Build.0 = Debug|Any CPU
		{1F8DC7DC-F4F1-4B06-B972-659B9C7E49BC}.Release|Any CPU.ActiveCfg = Release|Any CPU
		{1F8DC7DC-F4F1-4B06-B972-659B9C7E49BC}.Release|Any CPU.Build.0 = Release|Any CPU
		{D9D80912-F403-453F-BD20-21933CC238F2}.Debug|Any CPU.ActiveCfg = Debug|Any CPU
		{D9D80912-F403-453F-BD20-21933CC238F2}.Debug|Any CPU.Build.0 = Debug|Any CPU
		{D9D80912-F403-453F-BD20-21933CC238F2}.Release|Any CPU.ActiveCfg = Release|Any CPU
		{D9D80912-F403-453F-BD20-21933CC238F2}.Release|Any CPU.Build.0 = Release|Any CPU
	EndGlobalSection
	GlobalSection(NestedProjects) = preSolution
		{9EBC7080-7B7C-4C27-8F46-E410CFD0E134} = {1C4508C6-8991-4CE6-A39A-FC0C280E4D87}
		{10F069A7-EB88-4A60-B879-5ED0EF085DB5} = {9EBC7080-7B7C-4C27-8F46-E410CFD0E134}
		{E731596A-6B02-40A4-A097-B635A423D5AB} = {9EBC7080-7B7C-4C27-8F46-E410CFD0E134}
		{3DBBA84C-9F2F-4C3B-B166-5A9A73FBCA94} = {1C4508C6-8991-4CE6-A39A-FC0C280E4D87}
		{F152D1B5-0E14-4FBE-BF4A-78F494D5D8EB} = {3DBBA84C-9F2F-4C3B-B166-5A9A73FBCA94}
		{080407CE-883C-4207-8C93-FBBB9FCCBDF2} = {1C4508C6-8991-4CE6-A39A-FC0C280E4D87}
		{451B813E-62E1-4434-8962-AC37773F79A5} = {080407CE-883C-4207-8C93-FBBB9FCCBDF2}
		{3ABF43FA-1047-4124-A93C-B4790BBE1086} = {1C4508C6-8991-4CE6-A39A-FC0C280E4D87}
		{82CFC953-C41D-448A-BA69-37CC053D6429} = {3ABF43FA-1047-4124-A93C-B4790BBE1086}
		{AC16CFDD-8D15-45FF-AADE-B074CCA24275} = {1C4508C6-8991-4CE6-A39A-FC0C280E4D87}
		{7D4555CC-5B1B-4EFC-9E6B-A93DA46E939A} = {AC16CFDD-8D15-45FF-AADE-B074CCA24275}
		{51CD4EC1-384B-4284-B23D-0F596F5BC73F} = {080407CE-883C-4207-8C93-FBBB9FCCBDF2}
		{1F8DC7DC-F4F1-4B06-B972-659B9C7E49BC} = {080407CE-883C-4207-8C93-FBBB9FCCBDF2}
		{D9D80912-F403-453F-BD20-21933CC238F2} = {080407CE-883C-4207-8C93-FBBB9FCCBDF2}
	EndGlobalSection
EndGlobal
